
Microsoft Visual Studio Solution File, Format Version 12.00
# Visual Studio Version 16
VisualStudioVersion = 16.0.29709.97
MinimumVisualStudioVersion = 10.0.40219.1
Project("{FAE04EC0-301F-11D3-BF4B-00C04F79EFBC}") = "SpecFlowProject3", "SpecFlowProject3\SpecFlowProject3.csproj", "{5F83B40B-0E04-4F99-9FC0-ABFF472731E7}"
EndProject
Global
	GlobalSection(SolutionConfigurationPlatforms) = preSolution
		Debug|Any CPU = Debug|Any CPU
		Release|Any CPU = Release|Any CPU
	EndGlobalSection
	GlobalSection(ProjectConfigurationPlatforms) = postSolution
		{5F83B40B-0E04-4F99-9FC0-ABFF472731E7}.Debug|Any CPU.ActiveCfg = Debug|Any CPU
		{5F83B40B-0E04-4F99-9FC0-ABFF472731E7}.Debug|Any CPU.Build.0 = Debug|Any CPU
		{5F83B40B-0E04-4F99-9FC0-ABFF472731E7}.Release|Any CPU.ActiveCfg = Release|Any CPU
		{5F83B40B-0E04-4F99-9FC0-ABFF472731E7}.Release|Any CPU.Build.0 = Release|Any CPU
	EndGlobalSection
	GlobalSection(SolutionProperties) = preSolution
		HideSolutionNode = FALSE
	EndGlobalSection
	GlobalSection(ExtensibilityGlobals) = postSolution
		SolutionGuid = {1E9F01D3-85D6-43AA-9062-E8A6B502AE64}
	EndGlobalSection
EndGlobal
